github.com/petermattis/fastcgo v0.0.0-20170816164731-e33892440abb h1:NO9wJiBhQI0rgcuo5m4QLVe2lFDZxiI7OuQmFlScFC0=
github.com/petermattis/fastcgo v0.0.0-20170816164731-e33892440abb/go.mod h1:5CA9I6tKHPWMxtx7rxplJ5ScFukOelD7qe06IL83a7I=
golang.org/x/crypto v0.15.0 h1:frVn1TEaCEaZcn3Tmd7Y2b5KKPaZ+I32Q2OA3kYp5TA=
golang.org/x/crypto v0.15.0/go.mod h1:4ChreQoLWfG3xLDer1WdlH5NdlQ3+mwnQq1YTKY+72g=
